
Microsoft Visual Studio Solution File, Format Version 12.00
# Visual Studio Version 16
VisualStudioVersion = 16.0.31112.23
MinimumVisualStudioVersion = 10.0.40219.1
Project("{FAE04EC0-301F-11D3-BF4B-00C04F79EFBC}") = "CNC_test", "CNC_test\CNC_test.csproj", "{5FC39FAE-D7AC-40FF-AC47-C6661AB8B3A7}"
EndProject
Global
	GlobalSection(SolutionConfigurationPlatforms) = preSolution
		Debug|Any CPU = Debug|Any CPU
		Release|Any CPU = Release|Any CPU
	EndGlobalSection
	GlobalSection(ProjectConfigurationPlatforms) = postSolution
		{5FC39FAE-D7AC-40FF-AC47-C6661AB8B3A7}.Debug|Any CPU.ActiveCfg = Debug|Any CPU
		{5FC39FAE-D7AC-40FF-AC47-C6661AB8B3A7}.Debug|Any CPU.Build.0 = Debug|Any CPU
		{5FC39FAE-D7AC-40FF-AC47-C6661AB8B3A7}.Release|Any CPU.ActiveCfg = Release|Any CPU
		{5FC39FAE-D7AC-40FF-AC47-C6661AB8B3A7}.Release|Any CPU.Build.0 = Release|Any CPU
	EndGlobalSection
	GlobalSection(SolutionProperties) = preSolution
		HideSolutionNode = FALSE
	EndGlobalSection
	GlobalSection(ExtensibilityGlobals) = postSolution
		SolutionGuid = {5DC9FBA3-8DCB-4D32-8957-56F0D0BF56AC}
	EndGlobalSection
EndGlobal
